
Microsoft Visual Studio Solution File, Format Version 12.00
# Visual Studio Version 16
VisualStudioVersion = 16.0.30114.105
MinimumVisualStudioVersion = 10.0.40219.1
Project("{2150E333-8FDC-42A3-9474-1A3956D46DE8}") = "src", "src", "{BD3FF398-7253-4731-A828-CB1FBCE1D5E4}"
EndProject
Project("{FAE04EC0-301F-11D3-BF4B-00C04F79EFBC}") = "GetBearerToken", "src\GetBearerToken\GetBearerToken.csproj", "{FEA1DD82-8787-403A-A6E2-A90C239D4153}"
EndProject
Global
	GlobalSection(SolutionConfigurationPlatforms) = preSolution
		Debug|Any CPU = Debug|Any CPU
		Release|Any CPU = Release|Any CPU
	EndGlobalSection
	GlobalSection(SolutionProperties) = preSolution
		HideSolutionNode = FALSE
	EndGlobalSection
	GlobalSection(ProjectConfigurationPlatforms) = postSolution
		{FEA1DD82-8787-403A-A6E2-A90C239D4153}.Debug|Any CPU.ActiveCfg = Debug|Any CPU
		{FEA1DD82-8787-403A-A6E2-A90C239D4153}.Debug|Any CPU.Build.0 = Debug|Any CPU
		{FEA1DD82-8787-403A-A6E2-A90C239D4153}.Release|Any CPU.ActiveCfg = Release|Any CPU
		{FEA1DD82-8787-403A-A6E2-A90C239D4153}.Release|Any CPU.Build.0 = Release|Any CPU
	EndGlobalSection
	GlobalSection(NestedProjects) = preSolution
		{FEA1DD82-8787-403A-A6E2-A90C239D4153} = {BD3FF398-7253-4731-A828-CB1FBCE1D5E4}
	EndGlobalSection
EndGlobal
